// !$*UTF8*$!
{
	archiveVersion = 1;
	classes = {
	};
	objectVersion = 46;
	objects = {

/* Begin PBXBuildFile section */
		62F2805E1B7F5CF2001994B4 /* main.c in Sources */ = {isa = PBXBuildFile; fileRef = 62F2805D1B7F5CF2001994B4 /* main.c */; };
/* End PBXBuildFile section */

/* Begin PBXCopyFilesBuildPhase section */
		62F280581B7F5CF2001994B4 /* CopyFiles */ = {
			isa = PBXCopyFilesBuildPhase;
			buildActionMask = 2147483647;
			dstPath = /usr/share/man/man1/;
			dstSubfolderSpec = 0;
			files = (
			);
			runOnlyForDeploymentPostprocessing = 1;
		};
/* End PBXCopyFilesBuildPhase section */

/* Begin PBXFileReference section */
		62F2805A1B7F5CF2001994B4 /* for循环嵌套问题 */ = {isa = PBXFileReference; explicitFileType = "compiled.mach-o.executable"; includeInIndex = 0; path = "for循环嵌套问题"; sourceTree = BUILT_PRODUCTS_DIR; };
		62F2805D1B7F5CF2001994B4 /* main.c */ = {isa = PBXFileReference; lastKnownFileType = sourcecode.c.c; path = main.c; sourceTree = "<group>"; };
/* End PBXFileReference section */

/* Begin PBXFrameworksBuildPhase section */
		62F280571B7F5CF2001994B4 /* Frameworks */ = {
			isa = PBXFrameworksBuildPhase;
			buildActionMask = 2147483647;
			files = (
			);
			runOnlyForDeploymentPostprocessing = 0;
		};
/* End PBXFrameworksBuildPhase section */

/* Begin PBXGroup section */
		62F280511B7F5CF2001994B4 = {
			isa = PBXGroup;
			children = (
				62F2805C1B7F5CF2001994B4 /* for循环嵌套问题 */,
				62F2805B1B7F5CF2001994B4 /* Products */,
			);
			sourceTree = "<group>";
		};
		62F2805B1B7F5CF2001994B4 /* Products */ = {
			isa = PBXGroup;
			children = (
				62F2805A1B7F5CF2001994B4 /* for循环嵌套问题 */,
			);
			name = Products;
			sourceTree = "<group>";
		};
		62F2805C1B7F5CF2001994B4 /* for循环嵌套问题 */ = {
			isa = PBXGroup;
			children = (
				62F2805D1B7F5CF2001994B4 /* main.c */,
			);
			path = "for循环嵌套问题";
			sourceTree = "<group>";
		};
/* End PBXGroup section */

/* Begin PBXNativeTarget section */
		62F280591B7F5CF2001994B4 /* for循环嵌套问题 */ = {
			isa = PBXNativeTarget;
			buildConfigurationList = 62F280611B7F5CF2001994B4 /* Build configuration list for PBXNativeTarget "for循环嵌套问题" */;
			buildPhases = (
				62F280561B7F5CF2001994B4 /* Sources */,
				62F280571B7F5CF2001994B4 /* Frameworks */,
				62F280581B7F5CF2001994B4 /* CopyFiles */,
			);
			buildRules = (
			);
			dependencies = (
			);
			name = "for循环嵌套问题";
			productName = "for循环嵌套问题";
			productReference = 62F2805A1B7F5CF2001994B4 /* for循环嵌套问题 */;
			productType = "com.apple.product-type.tool";
		};
/* End PBXNativeTarget section */

/* Begin PBXProject section */
		62F280521B7F5CF2001994B4 /* Project object */ = {
			isa = PBXProject;
			attributes = {
				LastUpgradeCheck = 0640;
				ORGANIZATIONNAME = Joyann;
				TargetAttributes = {
					62F280591B7F5CF2001994B4 = {
						CreatedOnToolsVersion = 6.4;
					};
				};
			};
			buildConfigurationList = 62F280551B7F5CF2001994B4 /* Build configuration list for PBXProject "for循环嵌套问题" */;
			compatibilityVersion = "Xcode 3.2";
			developmentRegion = English;
			hasScannedForEncodings = 0;
			knownRegions = (
				en,
			);
			mainGroup = 62F280511B7F5CF2001994B4;
			productRefGroup = 62F2805B1B7F5CF2001994B4 /* Products */;
			projectDirPath = "";
			projectRoot = "";
			targets = (
				62F280591B7F5CF2001994B4 /* for循环嵌套问题 */,
			);
		};
/* End PBXProject section */

/* Begin PBXSourcesBuildPhase section */
		62F280561B7F5CF2001994B4 /* Sources */ = {
			isa = PBXSourcesBuildPhase;
			buildActionMask = 2147483647;
			files = (
				62F2805E1B7F5CF2001994B4 /* main.c in Sources */,
			);
			runOnlyForDeploymentPostprocessing = 0;
		};
/* End PBXSourcesBuildPhase section */

/* Begin XCBuildConfiguration section */
		62F2805F1B7F5CF2001994B4 /* Debug */ = {
			isa = XCBuildConfiguration;
			buildSettings = {
				ALWAYS_SEARCH_USER_PATHS = NO;
				CLANG_CXX_LANGUAGE_STANDARD = "gnu++0x";
				CLANG_CXX_LIBRARY = "libc++";
				CLANG_ENABLE_MODULES = YES;
				CLANG_ENABLE_OBJC_ARC = YES;
				CLANG_WARN_BOOL_CONVERSION = YES;
				CLANG_WARN_CONSTANT_CONVERSION = YES;
				CLANG_WARN_DIRECT_OBJC_ISA_USAGE = YES_ERROR;
				CLANG_WARN_EMPTY_BODY = YES;
				CLANG_WARN_ENUM_CONVERSION = YES;
				CLANG_WARN_INT_CONVERSION = YES;
				CLANG_WARN_OBJC_ROOT_CLASS = YES_ERROR;
				CLANG_WARN_UNREACHABLE_CODE = YES;
				CLANG_WARN__DUPLICATE_METHOD_MATCH = YES;
				COPY_PHASE_STRIP = NO;
				DEBUG_INFORMATION_FORMAT = dwarf;
				ENABLE_STRICT_OBJC_MSGSEND = YES;
				GCC_C_LANGUAGE_STANDARD = gnu99;
				GCC_DYNAMIC_NO_PIC = NO;
				GCC_NO_COMMON_BLOCKS = YES;
				GCC_OPTIMIZATION_LEVEL = 0;
				GCC_PREPROCESSOR_DEFINITIONS = (
					"DEBUG=1",
					"$(inherited)",
				);
				GCC_SYMBOLS_PRIVATE_EXTERN = NO;
				GCC_WARN_64_TO_32_BIT_CONVERSION = YES;
				GCC_WARN_ABOUT_RETURN_TYPE = YES_ERROR;
				GCC_WARN_UNDECLARED_SELECTOR = YES;
				GCC_WARN_UNINITIALIZED_AUTOS = YES_AGGRESSIVE;
				GCC_WARN_UNUSED_FUNCTION = YES;
				GCC_WARN_UNUSED_VARIABLE = YES;
				MACOSX_DEPLOYMENT_TARGET = 10.10;
				MTL_ENABLE_DEBUG_INFO = YES;
				ONLY_ACTIVE_ARCH = YES;
				SDKROOT = macosx;
			};
			name = Debug;
		};
		62F280601B7F5CF2001994B4 /* Release */ = {
			isa = XCBuildConfiguration;
			buildSettings = {
				ALWAYS_SEARCH_USER_PATHS = NO;
				CLANG_CXX_LANGUAGE_STANDARD = "gnu++0x";
				CLANG_CXX_LIBRARY = "libc++";
				CLANG_ENABLE_MODULES = YES;
				CLANG_ENABLE_OBJC_ARC = YES;
				CLANG_WARN_BOOL_CONVERSION = YES;
				CLANG_WARN_CONSTANT_CONVERSION = YES;
				CLANG_WARN_DIRECT_OBJC_ISA_USAGE = YES_ERROR;
				CLANG_WARN_EMPTY_BODY = YES;
				CLANG_WARN_ENUM_CONVERSION = YES;
				CLANG_WARN_INT_CONVERSION = YES;
				CLANG_WARN_OBJC_ROOT_CLASS = YES_ERROR;
				CLANG_WARN_UNREACHABLE_CODE = YES;
				CLANG_WARN__DUPLICATE_METHOD_MATCH = YES;
				COPY_PHASE_STRIP = NO;
				DEBUG_INFORMATION_FORMAT = "dwarf-with-dsym";
				ENABLE_NS_ASSERTIONS = NO;
				ENABLE_STRICT_OBJC_MSGSEND = YES;
				GCC_C_LANGUAGE_STANDARD = gnu99;
				GCC_NO_COMMON_BLOCKS = YES;
				GCC_WARN_64_TO_32_BIT_CONVERSION = YES;
				GCC_WARN_ABOUT_RETURN_TYPE = YES_ERROR;
				GCC_WARN_UNDECLARED_SELECTOR = YES;
				GCC_WARN_UNINITIALIZED_AUTOS = YES_AGGRESSIVE;
				GCC_WARN_UNUSED_FUNCTION = YES;
				GCC_WARN_UNUSED_VARIABLE = YES;
				MACOSX_DEPLOYMENT_TARGET = 10.10;
				MTL_ENABLE_DEBUG_INFO = NO;
				SDKROOT = macosx;
			};
			name = Release;
		};
		62F280621B7F5CF2001994B4 /* Debug */ = {
			isa = XCBuildConfiguration;
			buildSettings = {
				PRODUCT_NAME = "$(TARGET_NAME)";
			};
			name = Debug;
		};
		62F280631B7F5CF2001994B4 /* Release */ = {
			isa = XCBuildConfiguration;
			buildSettings = {
				PRODUCT_NAME = "$(TARGET_NAME)";
			};
			name = Release;
		};
/* End XCBuildConfiguration section */

/* Begin XCConfigurationList section */
		62F280551B7F5CF2001994B4 /* Build configuration list for PBXProject "for循环嵌套问题" */ = {
			isa = XCConfigurationList;
			buildConfigurations = (
				62F2805F1B7F5CF2001994B4 /* Debug */,
				62F280601B7F5CF2001994B4 /* Release */,
			);
			defaultConfigurationIsVisible = 0;
			defaultConfigurationName = Release;
		};
		62F280611B7F5CF2001994B4 /* Build configuration list for PBXNativeTarget "for循环嵌套问题" */ = {
			isa = XCConfigurationList;
			buildConfigurations = (
				62F280621B7F5CF2001994B4 /* Debug */,
				62F280631B7F5CF2001994B4 /* Release */,
			);
			defaultConfigurationIsVisible = 0;
		};
/* End XCConfigurationList section */
	};
	rootObject = 62F280521B7F5CF2001994B4 /* Project object */;
}
